
Microsoft Visual Studio Solution File, Format Version 12.00
# Visual Studio 15
VisualStudioVersion = 15.0.28010.2036
MinimumVisualStudioVersion = 10.0.40219.1
Project("{FAE04EC0-301F-11D3-BF4B-00C04F79EFBC}") = "WebAppAzure1", "WebAppAzure1\WebAppAzure1.csproj", "{EA9C349D-AF5A-454A-A6AA-0E3493E9EBCE}"
EndProject
Global
	GlobalSection(SolutionConfigurationPlatforms) = preSolution
		Debug|Any CPU = Debug|Any CPU
		Release|Any CPU = Release|Any CPU
	EndGlobalSection
	GlobalSection(ProjectConfigurationPlatforms) = postSolution
		{EA9C349D-AF5A-454A-A6AA-0E3493E9EBCE}.Debug|Any CPU.ActiveCfg = Debug|Any CPU
		{EA9C349D-AF5A-454A-A6AA-0E3493E9EBCE}.Debug|Any CPU.Build.0 = Debug|Any CPU
		{EA9C349D-AF5A-454A-A6AA-0E3493E9EBCE}.Release|Any CPU.ActiveCfg = Release|Any CPU
		{EA9C349D-AF5A-454A-A6AA-0E3493E9EBCE}.Release|Any CPU.Build.0 = Release|Any CPU
	EndGlobalSection
	GlobalSection(SolutionProperties) = preSolution
		HideSolutionNode = FALSE
	EndGlobalSection
	GlobalSection(ExtensibilityGlobals) = postSolution
		SolutionGuid = {E050F21C-5A2D-47CD-8F03-2B140490FD7B}
	EndGlobalSection
EndGlobal
